
Microsoft Visual Studio Solution File, Format Version 12.00
# Visual Studio 14
VisualStudioVersion = 14.0.25420.1
MinimumVisualStudioVersion = 10.0.40219.1
Project("{E24C65DC-7377-472B-9ABA-BC803B73C61A}") = "Website2", "Website2\", "{0469A4C0-18DA-4BE5-8261-60007260E235}"
	ProjectSection(WebsiteProperties) = preProject
		TargetFrameworkMoniker = ".NETFramework,Version%3Dv4.5.2"
		ProjectReferences = "{fa2d7169-7e7c-469e-bf04-3e7772441398}|Chinook.Data.dll;{46f0f823-450a-4671-9776-02f7d9a79f13}|ChinookSystem.dll;"
		Debug.AspNetCompiler.VirtualPath = "/localhost_9484"
		Debug.AspNetCompiler.PhysicalPath = "Website2\"
		Debug.AspNetCompiler.TargetPath = "PrecompiledWeb\localhost_9484\"
		Debug.AspNetCompiler.Updateable = "true"
		Debug.AspNetCompiler.ForceOverwrite = "true"
		Debug.AspNetCompiler.FixedNames = "false"
		Debug.AspNetCompiler.Debug = "True"
		Release.AspNetCompiler.VirtualPath = "/localhost_9484"
		Release.AspNetCompiler.PhysicalPath = "Website2\"
		Release.AspNetCompiler.TargetPath = "PrecompiledWeb\localhost_9484\"
		Release.AspNetCompiler.Updateable = "true"
		Release.AspNetCompiler.ForceOverwrite = "true"
		Release.AspNetCompiler.FixedNames = "false"
		Release.AspNetCompiler.Debug = "False"
		VWDPort = "9484"
		SlnRelativePath = "Website2\"
		DefaultWebSiteLanguage = "Visual C#"
	EndProjectSection
EndProject
Project("{FAE04EC0-301F-11D3-BF4B-00C04F79EFBC}") = "Chinook.Data", "Chinook.Data\Chinook.Data.csproj", "{FA2D7169-7E7C-469E-BF04-3E7772441398}"
EndProject
Project("{FAE04EC0-301F-11D3-BF4B-00C04F79EFBC}") = "ChinookSystem", "ChinookSystem\ChinookSystem.csproj", "{46F0F823-450A-4671-9776-02F7D9A79F13}"
EndProject
Global
	GlobalSection(SolutionConfigurationPlatforms) = preSolution
		Debug|Any CPU = Debug|Any CPU
		Release|Any CPU = Release|Any CPU
	EndGlobalSection
	GlobalSection(ProjectConfigurationPlatforms) = postSolution
		{0469A4C0-18DA-4BE5-8261-60007260E235}.Debug|Any CPU.ActiveCfg = Debug|Any CPU
		{0469A4C0-18DA-4BE5-8261-60007260E235}.Debug|Any CPU.Build.0 = Debug|Any CPU
		{0469A4C0-18DA-4BE5-8261-60007260E235}.Release|Any CPU.ActiveCfg = Debug|Any CPU
		{0469A4C0-18DA-4BE5-8261-60007260E235}.Release|Any CPU.Build.0 = Debug|Any CPU
		{FA2D7169-7E7C-469E-BF04-3E7772441398}.Debug|Any CPU.ActiveCfg = Debug|Any CPU
		{FA2D7169-7E7C-469E-BF04-3E7772441398}.Debug|Any CPU.Build.0 = Debug|Any CPU
		{FA2D7169-7E7C-469E-BF04-3E7772441398}.Release|Any CPU.ActiveCfg = Release|Any CPU
		{FA2D7169-7E7C-469E-BF04-3E7772441398}.Release|Any CPU.Build.0 = Release|Any CPU
		{46F0F823-450A-4671-9776-02F7D9A79F13}.Debug|Any CPU.ActiveCfg = Debug|Any CPU
		{46F0F823-450A-4671-9776-02F7D9A79F13}.Debug|Any CPU.Build.0 = Debug|Any CPU
		{46F0F823-450A-4671-9776-02F7D9A79F13}.Release|Any CPU.ActiveCfg = Release|Any CPU
		{46F0F823-450A-4671-9776-02F7D9A79F13}.Release|Any CPU.Build.0 = Release|Any CPU
	EndGlobalSection
	GlobalSection(SolutionProperties) = preSolution
		HideSolutionNode = FALSE
	EndGlobalSection
EndGlobal
